// !$*UTF8*$!
{
	archiveVersion = 1;
	classes = {
	};
	objectVersion = 51;
	objects = {

/* Begin PBXBuildFile section */
		24FD6F733BC03C5BD506D445 /* Pods_CurrencyAlertTests.framework in Frameworks */ = {isa = PBXBuildFile; fileRef = 2A169A28DEBC4060242D9EAD /* Pods_CurrencyAlertTests.framework */; };
		271B0BC95FE5CA1955DB6064 /* Pods_CurrencyAlert.framework in Frameworks */ = {isa = PBXBuildFile; fileRef = 5AD253E1061DA78092BFBB9C /* Pods_CurrencyAlert.framework */; };
		842905B324A78B15006CD409 /* AppDelegate.swift in Sources */ = {isa = PBXBuildFile; fileRef = 842905B224A78B15006CD409 /* AppDelegate.swift */; };
		842905B524A78B15006CD409 /* SceneDelegate.swift in Sources */ = {isa = PBXBuildFile; fileRef = 842905B424A78B15006CD409 /* SceneDelegate.swift */; };
		842905BC24A78B1B006CD409 /* Assets.xcassets in Resources */ = {isa = PBXBuildFile; fileRef = 842905BB24A78B1B006CD409 /* Assets.xcassets */; };
		842905BF24A78B1B006CD409 /* LaunchScreen.storyboard in Resources */ = {isa = PBXBuildFile; fileRef = 842905BD24A78B1B006CD409 /* LaunchScreen.storyboard */; };
		842905CA24A78B1B006CD409 /* CurrencyAlertTests.swift in Sources */ = {isa = PBXBuildFile; fileRef = 842905C924A78B1B006CD409 /* CurrencyAlertTests.swift */; };
		842905F124A78BC1006CD409 /* CreateAccountViewModel.swift in Sources */ = {isa = PBXBuildFile; fileRef = 842905D724A78BC1006CD409 /* CreateAccountViewModel.swift */; };
		842905F224A78BC1006CD409 /* UserCreateViewModel.swift in Sources */ = {isa = PBXBuildFile; fileRef = 842905D824A78BC1006CD409 /* UserCreateViewModel.swift */; };
		842905F424A78BC1006CD409 /* CreateAccountResponse.swift in Sources */ = {isa = PBXBuildFile; fileRef = 842905DB24A78BC1006CD409 /* CreateAccountResponse.swift */; };
		842905F624A78BC1006CD409 /* CreateAccountViewController.swift in Sources */ = {isa = PBXBuildFile; fileRef = 842905DE24A78BC1006CD409 /* CreateAccountViewController.swift */; };
		842905F724A78BC1006CD409 /* AlertListViewModel.swift in Sources */ = {isa = PBXBuildFile; fileRef = 842905E124A78BC1006CD409 /* AlertListViewModel.swift */; };
		842905F824A78BC1006CD409 /* AlertViewModel.swift in Sources */ = {isa = PBXBuildFile; fileRef = 842905E224A78BC1006CD409 /* AlertViewModel.swift */; };
		842905F924A78BC1006CD409 /* Currency.swift in Sources */ = {isa = PBXBuildFile; fileRef = 842905E424A78BC1006CD409 /* Currency.swift */; };
		842905FA24A78BC1006CD409 /* AlertCardTableViewCell.swift in Sources */ = {isa = PBXBuildFile; fileRef = 842905E624A78BC1006CD409 /* AlertCardTableViewCell.swift */; };
		842905FB24A78BC1006CD409 /* AlertListViewController.swift in Sources */ = {isa = PBXBuildFile; fileRef = 842905E724A78BC1006CD409 /* AlertListViewController.swift */; };
		842905FC24A78BC1006CD409 /* AlertListStrings.swift in Sources */ = {isa = PBXBuildFile; fileRef = 842905E824A78BC1006CD409 /* AlertListStrings.swift */; };
		842905FD24A78BC1006CD409 /* LoginViewModel.swift in Sources */ = {isa = PBXBuildFile; fileRef = 842905EB24A78BC1006CD409 /* LoginViewModel.swift */; };
		842905FE24A78BC1006CD409 /* UserLoginViewModel.swift in Sources */ = {isa = PBXBuildFile; fileRef = 842905EC24A78BC1006CD409 /* UserLoginViewModel.swift */; };
		8429060024A78BC1006CD409 /* LoginViewController.swift in Sources */ = {isa = PBXBuildFile; fileRef = 842905F024A78BC1006CD409 /* LoginViewController.swift */; };
		8429061124A78BD2006CD409 /* Constants.swift in Sources */ = {isa = PBXBuildFile; fileRef = 8429060324A78BD2006CD409 /* Constants.swift */; };
		8429061224A78BD2006CD409 /* NetworkHelper.swift in Sources */ = {isa = PBXBuildFile; fileRef = 8429060524A78BD2006CD409 /* NetworkHelper.swift */; };
		8429061324A78BD2006CD409 /* NetworkingAPI.swift in Sources */ = {isa = PBXBuildFile; fileRef = 8429060624A78BD2006CD409 /* NetworkingAPI.swift */; };
		8429061424A78BD2006CD409 /* NetworkError.swift in Sources */ = {isa = PBXBuildFile; fileRef = 8429060724A78BD2006CD409 /* NetworkError.swift */; };
		8429061524A78BD2006CD409 /* Endpoint.swift in Sources */ = {isa = PBXBuildFile; fileRef = 8429060824A78BD2006CD409 /* Endpoint.swift */; };
		8429061624A78BD2006CD409 /* UIFont+Extension.swift in Sources */ = {isa = PBXBuildFile; fileRef = 8429060A24A78BD2006CD409 /* UIFont+Extension.swift */; };
		8429061724A78BD2006CD409 /* UIColor+Extension.swift in Sources */ = {isa = PBXBuildFile; fileRef = 8429060B24A78BD2006CD409 /* UIColor+Extension.swift */; };
		8429061824A78BD2006CD409 /* UIViewController+Extension.swift in Sources */ = {isa = PBXBuildFile; fileRef = 8429060C24A78BD2006CD409 /* UIViewController+Extension.swift */; };
		8429061924A78BD2006CD409 /* String+Extension.swift in Sources */ = {isa = PBXBuildFile; fileRef = 8429060D24A78BD2006CD409 /* String+Extension.swift */; };
		8429061A24A78BD2006CD409 /* UITextField+Extension.swift in Sources */ = {isa = PBXBuildFile; fileRef = 8429060E24A78BD2006CD409 /* UITextField+Extension.swift */; };
		8429061B24A78BD2006CD409 /* CodeView.swift in Sources */ = {isa = PBXBuildFile; fileRef = 8429061024A78BD2006CD409 /* CodeView.swift */; };
		8436F65B24B4036400D5D764 /* CustomTabBarController.swift in Sources */ = {isa = PBXBuildFile; fileRef = 8436F65A24B4036400D5D764 /* CustomTabBarController.swift */; };
		8436F66224B40A8100D5D764 /* UserProfileViewController.swift in Sources */ = {isa = PBXBuildFile; fileRef = 8436F66124B40A8100D5D764 /* UserProfileViewController.swift */; };
		8458811E24BF943C00CA3841 /* Alert.swift in Sources */ = {isa = PBXBuildFile; fileRef = 8458811D24BF943C00CA3841 /* Alert.swift */; };
		8458812024BF98D600CA3841 /* CurrencyViewModel.swift in Sources */ = {isa = PBXBuildFile; fileRef = 8458811F24BF98D600CA3841 /* CurrencyViewModel.swift */; };
		8458812424BFC11400CA3841 /* CreateAlertPopupView.swift in Sources */ = {isa = PBXBuildFile; fileRef = 8458812324BFC11400CA3841 /* CreateAlertPopupView.swift */; };
		845F816324F936B6002E3303 /* User.swift in Sources */ = {isa = PBXBuildFile; fileRef = 845F816224F936B6002E3303 /* User.swift */; };
		848C491224C0F7D500991B1D /* UIView+Extension.swift in Sources */ = {isa = PBXBuildFile; fileRef = 848C491124C0F7D500991B1D /* UIView+Extension.swift */; };
		848D2D5724BFD118008919C9 /* AlertRequestResponse.swift in Sources */ = {isa = PBXBuildFile; fileRef = 848D2D5624BFD118008919C9 /* AlertRequestResponse.swift */; };
		848D2D5924BFD16A008919C9 /* CreateAlertViewModel.swift in Sources */ = {isa = PBXBuildFile; fileRef = 848D2D5824BFD16A008919C9 /* CreateAlertViewModel.swift */; };
		84946F8F24D59A910053B585 /* TableViewAnimator.swift in Sources */ = {isa = PBXBuildFile; fileRef = 84946F8E24D59A910053B585 /* TableViewAnimator.swift */; };
		84946F9124D59DC90053B585 /* TableAnimationFactory.swift in Sources */ = {isa = PBXBuildFile; fileRef = 84946F9024D59DC90053B585 /* TableAnimationFactory.swift */; };
		84946F9324D5A37C0053B585 /* Tables.swift in Sources */ = {isa = PBXBuildFile; fileRef = 84946F9224D5A37C0053B585 /* Tables.swift */; };
		84A38F3E24BE8954007BDAB4 /* CurrencyTableViewCell.swift in Sources */ = {isa = PBXBuildFile; fileRef = 84A38F3D24BE8954007BDAB4 /* CurrencyTableViewCell.swift */; };
		84A38F4324BE9C7D007BDAB4 /* Utils.swift in Sources */ = {isa = PBXBuildFile; fileRef = 84A38F4224BE9C7D007BDAB4 /* Utils.swift */; };
		84AA3C2424C0EF3B00E85C47 /* CreateAlertPopupViewModel.swift in Sources */ = {isa = PBXBuildFile; fileRef = 84AA3C2324C0EF3B00E85C47 /* CreateAlertPopupViewModel.swift */; };
		84AFC372257AB02D003C3DC4 /* Localizable.strings in Resources */ = {isa = PBXBuildFile; fileRef = 84AFC374257AB02D003C3DC4 /* Localizable.strings */; };
		84AFC37C257AB231003C3DC4 /* StringKeys.swift in Sources */ = {isa = PBXBuildFile; fileRef = 84AFC37B257AB231003C3DC4 /* StringKeys.swift */; };
		84CB2FB224A80F56007D3A6B /* CustomActivityIndicator.swift in Sources */ = {isa = PBXBuildFile; fileRef = 84CB2FB124A80F56007D3A6B /* CustomActivityIndicator.swift */; };
		84F29CCD24AA78B600C69211 /* Validator.swift in Sources */ = {isa = PBXBuildFile; fileRef = 84F29CCC24AA78B600C69211 /* Validator.swift */; };
		84F29CCF24AA78D400C69211 /* Rule.swift in Sources */ = {isa = PBXBuildFile; fileRef = 84F29CCE24AA78D400C69211 /* Rule.swift */; };
		84F29CD124AA7BED00C69211 /* InputField.swift in Sources */ = {isa = PBXBuildFile; fileRef = 84F29CD024AA7BED00C69211 /* InputField.swift */; };
		84F29CD324AB865000C69211 /* LoginResponse.swift in Sources */ = {isa = PBXBuildFile; fileRef = 84F29CD224AB865000C69211 /* LoginResponse.swift */; };
		84F4DEA124B4F6CF005D99B2 /* CurrencyListViewController.swift in Sources */ = {isa = PBXBuildFile; fileRef = 84F4DEA024B4F6CF005D99B2 /* CurrencyListViewController.swift */; };
		84F4DEA324B4F8B6005D99B2 /* CurrencyListViewModel.swift in Sources */ = {isa = PBXBuildFile; fileRef = 84F4DEA224B4F8B6005D99B2 /* CurrencyListViewModel.swift */; };
/* End PBXBuildFile section */

/* Begin PBXContainerItemProxy section */
		842905C624A78B1B006CD409 /* PBXContainerItemProxy */ = {
			isa = PBXContainerItemProxy;
			containerPortal = 842905A724A78B15006CD409 /* Project object */;
			proxyType = 1;
			remoteGlobalIDString = 842905AE24A78B15006CD409;
			remoteInfo = CurrencyAlert;
		};
/* End PBXContainerItemProxy section */

/* Begin PBXFileReference section */
		06DEB2C62A9C29B348592772 /* Pods-CurrencyAlert.release.xcconfig */ = {isa = PBXFileReference; includeInIndex = 1; lastKnownFileType = text.xcconfig; name = "Pods-CurrencyAlert.release.xcconfig"; path = "Target Support Files/Pods-CurrencyAlert/Pods-CurrencyAlert.release.xcconfig"; sourceTree = "<group>"; };
		0ABC8ACD19DE3CC092BCDF23 /* Pods-CurrencyAlertTests.debug.xcconfig */ = {isa = PBXFileReference; includeInIndex = 1; lastKnownFileType = text.xcconfig; name = "Pods-CurrencyAlertTests.debug.xcconfig"; path = "Target Support Files/Pods-CurrencyAlertTests/Pods-CurrencyAlertTests.debug.xcconfig"; sourceTree = "<group>"; };
		2A169A28DEBC4060242D9EAD /* Pods_CurrencyAlertTests.framework */ = {isa = PBXFileReference; explicitFileType = wrapper.framework; includeInIndex = 0; path = Pods_CurrencyAlertTests.framework; sourceTree = BUILT_PRODUCTS_DIR; };
		5AD253E1061DA78092BFBB9C /* Pods_CurrencyAlert.framework */ = {isa = PBXFileReference; explicitFileType = wrapper.framework; includeInIndex = 0; path = Pods_CurrencyAlert.framework; sourceTree = BUILT_PRODUCTS_DIR; };
		842905AF24A78B15006CD409 /* CurrencyAlert.app */ = {isa = PBXFileReference; explicitFileType = wrapper.application; includeInIndex = 0; path = CurrencyAlert.app; sourceTree = BUILT_PRODUCTS_DIR; };
		842905B224A78B15006CD409 /* AppDelegate.swift */ = {isa = PBXFileReference; lastKnownFileType = sourcecode.swift; path = AppDelegate.swift; sourceTree = "<group>"; };
		842905B424A78B15006CD409 /* SceneDelegate.swift */ = {isa = PBXFileReference; lastKnownFileType = sourcecode.swift; path = SceneDelegate.swift; sourceTree = "<group>"; };
		842905BB24A78B1B006CD409 /* Assets.xcassets */ = {isa = PBXFileReference; lastKnownFileType = folder.assetcatalog; path = Assets.xcassets; sourceTree = "<group>"; };
		842905BE24A78B1B006CD409 /* Base */ = {isa = PBXFileReference; lastKnownFileType = file.storyboard; name = Base; path = Base.lproj/LaunchScreen.storyboard; sourceTree = "<group>"; };
		842905C024A78B1B006CD409 /* Info.plist */ = {isa = PBXFileReference; lastKnownFileType = text.plist.xml; path = Info.plist; sourceTree = "<group>"; };
		842905C524A78B1B006CD409 /* CurrencyAlertTests.xctest */ = {isa = PBXFileReference; explicitFileType = wrapper.cfbundle; includeInIndex = 0; path = CurrencyAlertTests.xctest; sourceTree = BUILT_PRODUCTS_DIR; };
		842905C924A78B1B006CD409 /* CurrencyAlertTests.swift */ = {isa = PBXFileReference; lastKnownFileType = sourcecode.swift; path = CurrencyAlertTests.swift; sourceTree = "<group>"; };
		842905CB24A78B1B006CD409 /* Info.plist */ = {isa = PBXFileReference; lastKnownFileType = text.plist.xml; path = Info.plist; sourceTree = "<group>"; };
		842905D724A78BC1006CD409 /* CreateAccountViewModel.swift */ = {isa = PBXFileReference; fileEncoding = 4; lastKnownFileType = sourcecode.swift; path = CreateAccountViewModel.swift; sourceTree = "<group>"; };
		842905D824A78BC1006CD409 /* UserCreateViewModel.swift */ = {isa = PBXFileReference; fileEncoding = 4; lastKnownFileType = sourcecode.swift; path = UserCreateViewModel.swift; sourceTree = "<group>"; };
		842905DB24A78BC1006CD409 /* CreateAccountResponse.swift */ = {isa = PBXFileReference; fileEncoding = 4; lastKnownFileType = sourcecode.swift; path = CreateAccountResponse.swift; sourceTree = "<group>"; };
		842905DE24A78BC1006CD409 /* CreateAccountViewController.swift */ = {isa = PBXFileReference; fileEncoding = 4; lastKnownFileType = sourcecode.swift; path = CreateAccountViewController.swift; sourceTree = "<group>"; };
		842905E124A78BC1006CD409 /* AlertListViewModel.swift */ = {isa = PBXFileReference; fileEncoding = 4; lastKnownFileType = sourcecode.swift; path = AlertListViewModel.swift; sourceTree = "<group>"; };
		842905E224A78BC1006CD409 /* AlertViewModel.swift */ = {isa = PBXFileReference; fileEncoding = 4; lastKnownFileType = sourcecode.swift; path = AlertViewModel.swift; sourceTree = "<group>"; };
		842905E424A78BC1006CD409 /* Currency.swift */ = {isa = PBXFileReference; fileEncoding = 4; lastKnownFileType = sourcecode.swift; path = Currency.swift; sourceTree = "<group>"; };
		842905E624A78BC1006CD409 /* AlertCardTableViewCell.swift */ = {isa = PBXFileReference; fileEncoding = 4; lastKnownFileType = sourcecode.swift; path = AlertCardTableViewCell.swift; sourceTree = "<group>"; };
		842905E724A78BC1006CD409 /* AlertListViewController.swift */ = {isa = PBXFileReference; fileEncoding = 4; lastKnownFileType = sourcecode.swift; path = AlertListViewController.swift; sourceTree = "<group>"; };
		842905E824A78BC1006CD409 /* AlertListStrings.swift */ = {isa = PBXFileReference; fileEncoding = 4; lastKnownFileType = sourcecode.swift; path = AlertListStrings.swift; sourceTree = "<group>"; };
		842905EB24A78BC1006CD409 /* LoginViewModel.swift */ = {isa = PBXFileReference; fileEncoding = 4; lastKnownFileType = sourcecode.swift; path = LoginViewModel.swift; sourceTree = "<group>"; };
		842905EC24A78BC1006CD409 /* UserLoginViewModel.swift */ = {isa = PBXFileReference; fileEncoding = 4; lastKnownFileType = sourcecode.swift; path = UserLoginViewModel.swift; sourceTree = "<group>"; };
		842905F024A78BC1006CD409 /* LoginViewController.swift */ = {isa = PBXFileReference; fileEncoding = 4; lastKnownFileType = sourcecode.swift; path = LoginViewController.swift; sourceTree = "<group>"; };
		8429060324A78BD2006CD409 /* Constants.swift */ = {isa = PBXFileReference; fileEncoding = 4; lastKnownFileType = sourcecode.swift; path = Constants.swift; sourceTree = "<group>"; };
		8429060524A78BD2006CD409 /* NetworkHelper.swift */ = {isa = PBXFileReference; fileEncoding = 4; lastKnownFileType = sourcecode.swift; path = NetworkHelper.swift; sourceTree = "<group>"; };
		8429060624A78BD2006CD409 /* NetworkingAPI.swift */ = {isa = PBXFileReference; fileEncoding = 4; lastKnownFileType = sourcecode.swift; path = NetworkingAPI.swift; sourceTree = "<group>"; };
		8429060724A78BD2006CD409 /* NetworkError.swift */ = {isa = PBXFileReference; fileEncoding = 4; lastKnownFileType = sourcecode.swift; path = NetworkError.swift; sourceTree = "<group>"; };
		8429060824A78BD2006CD409 /* Endpoint.swift */ = {isa = PBXFileReference; fileEncoding = 4; lastKnownFileType = sourcecode.swift; path = Endpoint.swift; sourceTree = "<group>"; };
		8429060A24A78BD2006CD409 /* UIFont+Extension.swift */ = {isa = PBXFileReference; fileEncoding = 4; lastKnownFileType = sourcecode.swift; path = "UIFont+Extension.swift"; sourceTree = "<group>"; };
		8429060B24A78BD2006CD409 /* UIColor+Extension.swift */ = {isa = PBXFileReference; fileEncoding = 4; lastKnownFileType = sourcecode.swift; path = "UIColor+Extension.swift"; sourceTree = "<group>"; };
		8429060C24A78BD2006CD409 /* UIViewController+Extension.swift */ = {isa = PBXFileReference; fileEncoding = 4; lastKnownFileType = sourcecode.swift; path = "UIViewController+Extension.swift"; sourceTree = "<group>"; };
		8429060D24A78BD2006CD409 /* String+Extension.swift */ = {isa = PBXFileReference; fileEncoding = 4; lastKnownFileType = sourcecode.swift; path = "String+Extension.swift"; sourceTree = "<group>"; };
		8429060E24A78BD2006CD409 /* UITextField+Extension.swift */ = {isa = PBXFileReference; fileEncoding = 4; lastKnownFileType = sourcecode.swift; path = "UITextField+Extension.swift"; sourceTree = "<group>"; };
		8429061024A78BD2006CD409 /* CodeView.swift */ = {isa = PBXFileReference; fileEncoding = 4; lastKnownFileType = sourcecode.swift; path = CodeView.swift; sourceTree = "<group>"; };
		8436F65A24B4036400D5D764 /* CustomTabBarController.swift */ = {isa = PBXFileReference; lastKnownFileType = sourcecode.swift; path = CustomTabBarController.swift; sourceTree = "<group>"; };
		8436F66124B40A8100D5D764 /* UserProfileViewController.swift */ = {isa = PBXFileReference; lastKnownFileType = sourcecode.swift; path = UserProfileViewController.swift; sourceTree = "<group>"; };
		8458811D24BF943C00CA3841 /* Alert.swift */ = {isa = PBXFileReference; lastKnownFileType = sourcecode.swift; path = Alert.swift; sourceTree = "<group>"; };
		8458811F24BF98D600CA3841 /* CurrencyViewModel.swift */ = {isa = PBXFileReference; lastKnownFileType = sourcecode.swift; path = CurrencyViewModel.swift; sourceTree = "<group>"; };
		8458812324BFC11400CA3841 /* CreateAlertPopupView.swift */ = {isa = PBXFileReference; lastKnownFileType = sourcecode.swift; path = CreateAlertPopupView.swift; sourceTree = "<group>"; };
		845F816224F936B6002E3303 /* User.swift */ = {isa = PBXFileReference; lastKnownFileType = sourcecode.swift; path = User.swift; sourceTree = "<group>"; };
		848C491124C0F7D500991B1D /* UIView+Extension.swift */ = {isa = PBXFileReference; lastKnownFileType = sourcecode.swift; path = "UIView+Extension.swift"; sourceTree = "<group>"; };
		848D2D5624BFD118008919C9 /* AlertRequestResponse.swift */ = {isa = PBXFileReference; lastKnownFileType = sourcecode.swift; path = AlertRequestResponse.swift; sourceTree = "<group>"; };
		848D2D5824BFD16A008919C9 /* CreateAlertViewModel.swift */ = {isa = PBXFileReference; lastKnownFileType = sourcecode.swift; path = CreateAlertViewModel.swift; sourceTree = "<group>"; };
		84946F8E24D59A910053B585 /* TableViewAnimator.swift */ = {isa = PBXFileReference; lastKnownFileType = sourcecode.swift; path = TableViewAnimator.swift; sourceTree = "<group>"; };
		84946F9024D59DC90053B585 /* TableAnimationFactory.swift */ = {isa = PBXFileReference; lastKnownFileType = sourcecode.swift; path = TableAnimationFactory.swift; sourceTree = "<group>"; };
		84946F9224D5A37C0053B585 /* Tables.swift */ = {isa = PBXFileReference; lastKnownFileType = sourcecode.swift; path = Tables.swift; sourceTree = "<group>"; };
		84A38F3D24BE8954007BDAB4 /* CurrencyTableViewCell.swift */ = {isa = PBXFileReference; lastKnownFileType = sourcecode.swift; path = CurrencyTableViewCell.swift; sourceTree = "<group>"; };
		84A38F4224BE9C7D007BDAB4 /* Utils.swift */ = {isa = PBXFileReference; lastKnownFileType = sourcecode.swift; path = Utils.swift; sourceTree = "<group>"; };
		84AA3C2324C0EF3B00E85C47 /* CreateAlertPopupViewModel.swift */ = {isa = PBXFileReference; lastKnownFileType = sourcecode.swift; path = CreateAlertPopupViewModel.swift; sourceTree = "<group>"; };
		84AFC35F257AAF14003C3DC4 /* pt-BR */ = {isa = PBXFileReference; lastKnownFileType = text.plist.strings; name = "pt-BR"; path = "pt-BR.lproj/LaunchScreen.strings"; sourceTree = "<group>"; };
		84AFC373257AB02D003C3DC4 /* en */ = {isa = PBXFileReference; lastKnownFileType = text.plist.strings; name = en; path = en.lproj/Localizable.strings; sourceTree = "<group>"; };
		84AFC377257AB043003C3DC4 /* pt-BR */ = {isa = PBXFileReference; lastKnownFileType = text.plist.strings; name = "pt-BR"; path = "pt-BR.lproj/Localizable.strings"; sourceTree = "<group>"; };
		84AFC37B257AB231003C3DC4 /* StringKeys.swift */ = {isa = PBXFileReference; lastKnownFileType = sourcecode.swift; path = StringKeys.swift; sourceTree = "<group>"; };
		84CB2FB124A80F56007D3A6B /* CustomActivityIndicator.swift */ = {isa = PBXFileReference; lastKnownFileType = sourcecode.swift; path = CustomActivityIndicator.swift; sourceTree = "<group>"; };
		84F29CCC24AA78B600C69211 /* Validator.swift */ = {isa = PBXFileReference; lastKnownFileType = sourcecode.swift; path = Validator.swift; sourceTree = "<group>"; };
		84F29CCE24AA78D400C69211 /* Rule.swift */ = {isa = PBXFileReference; lastKnownFileType = sourcecode.swift; path = Rule.swift; sourceTree = "<group>"; };
		84F29CD024AA7BED00C69211 /* InputField.swift */ = {isa = PBXFileReference; lastKnownFileType = sourcecode.swift; path = InputField.swift; sourceTree = "<group>"; };
		84F29CD224AB865000C69211 /* LoginResponse.swift */ = {isa = PBXFileReference; lastKnownFileType = sourcecode.swift; path = LoginResponse.swift; sourceTree = "<group>"; };
		84F4DEA024B4F6CF005D99B2 /* CurrencyListViewController.swift */ = {isa = PBXFileReference; lastKnownFileType = sourcecode.swift; path = CurrencyListViewController.swift; sourceTree = "<group>"; };
		84F4DEA224B4F8B6005D99B2 /* CurrencyListViewModel.swift */ = {isa = PBXFileReference; lastKnownFileType = sourcecode.swift; path = CurrencyListViewModel.swift; sourceTree = "<group>"; };
		96F6D3789D61B120324A3F26 /* Pods-CurrencyAlert.debug.xcconfig */ = {isa = PBXFileReference; includeInIndex = 1; lastKnownFileType = text.xcconfig; name = "Pods-CurrencyAlert.debug.xcconfig"; path = "Target Support Files/Pods-CurrencyAlert/Pods-CurrencyAlert.debug.xcconfig"; sourceTree = "<group>"; };
		CB48C91AA606907CB0B51D22 /* Pods-CurrencyAlertTests.release.xcconfig */ = {isa = PBXFileReference; includeInIndex = 1; lastKnownFileType = text.xcconfig; name = "Pods-CurrencyAlertTests.release.xcconfig"; path = "Target Support Files/Pods-CurrencyAlertTests/Pods-CurrencyAlertTests.release.xcconfig"; sourceTree = "<group>"; };
/* End PBXFileReference section */

/* Begin PBXFrameworksBuildPhase section */
		842905AC24A78B15006CD409 /* Frameworks */ = {
			isa = PBXFrameworksBuildPhase;
			buildActionMask = 2147483647;
			files = (
				271B0BC95FE5CA1955DB6064 /* Pods_CurrencyAlert.framework in Frameworks */,
			);
			runOnlyForDeploymentPostprocessing = 0;
		};
		842905C224A78B1B006CD409 /* Frameworks */ = {
			isa = PBXFrameworksBuildPhase;
			buildActionMask = 2147483647;
			files = (
				24FD6F733BC03C5BD506D445 /* Pods_CurrencyAlertTests.framework in Frameworks */,
			);
			runOnlyForDeploymentPostprocessing = 0;
		};
/* End PBXFrameworksBuildPhase section */

/* Begin PBXGroup section */
		710B030DFAFF7C22DF050DFA /* Pods */ = {
			isa = PBXGroup;
			children = (
				96F6D3789D61B120324A3F26 /* Pods-CurrencyAlert.debug.xcconfig */,
				06DEB2C62A9C29B348592772 /* Pods-CurrencyAlert.release.xcconfig */,
				0ABC8ACD19DE3CC092BCDF23 /* Pods-CurrencyAlertTests.debug.xcconfig */,
				CB48C91AA606907CB0B51D22 /* Pods-CurrencyAlertTests.release.xcconfig */,
			);
			path = Pods;
			sourceTree = "<group>";
		};
		842905A624A78B15006CD409 = {
			isa = PBXGroup;
			children = (
				842905B124A78B15006CD409 /* CurrencyAlert */,
				842905C824A78B1B006CD409 /* CurrencyAlertTests */,
				842905B024A78B15006CD409 /* Products */,
				710B030DFAFF7C22DF050DFA /* Pods */,
				A9B93B100523660B815B500E /* Frameworks */,
			);
			sourceTree = "<group>";
		};
		842905B024A78B15006CD409 /* Products */ = {
			isa = PBXGroup;
			children = (
				842905AF24A78B15006CD409 /* CurrencyAlert.app */,
				842905C524A78B1B006CD409 /* CurrencyAlertTests.xctest */,
			);
			name = Products;
			sourceTree = "<group>";
		};
		842905B124A78B15006CD409 /* CurrencyAlert */ = {
			isa = PBXGroup;
			children = (
				842905D424A78BC1006CD409 /* Features */,
				8429060124A78BD2006CD409 /* Helpers */,
				84AFC37A257AB1ED003C3DC4 /* Support Files */,
				842905B224A78B15006CD409 /* AppDelegate.swift */,
				842905B424A78B15006CD409 /* SceneDelegate.swift */,
				842905BB24A78B1B006CD409 /* Assets.xcassets */,
				842905BD24A78B1B006CD409 /* LaunchScreen.storyboard */,
				842905C024A78B1B006CD409 /* Info.plist */,
			);
			path = CurrencyAlert;
			sourceTree = "<group>";
		};
		842905C824A78B1B006CD409 /* CurrencyAlertTests */ = {
			isa = PBXGroup;
			children = (
				842905C924A78B1B006CD409 /* CurrencyAlertTests.swift */,
				842905CB24A78B1B006CD409 /* Info.plist */,
			);
			path = CurrencyAlertTests;
			sourceTree = "<group>";
		};
		842905D424A78BC1006CD409 /* Features */ = {
			isa = PBXGroup;
			children = (
				842905DF24A78BC1006CD409 /* AlertList */,
				842905D524A78BC1006CD409 /* CreateAccount */,
				8436F65C24B404A000D5D764 /* CreateAlert */,
				842905E924A78BC1006CD409 /* Login */,
				8436F66024B40A6700D5D764 /* UserProfile */,
			);
			path = Features;
			sourceTree = "<group>";
		};
		842905D524A78BC1006CD409 /* CreateAccount */ = {
			isa = PBXGroup;
			children = (
				842905D624A78BC1006CD409 /* ViewModel */,
				842905D924A78BC1006CD409 /* Model */,
				842905DC24A78BC1006CD409 /* View */,
			);
			path = CreateAccount;
			sourceTree = "<group>";
		};
		842905D624A78BC1006CD409 /* ViewModel */ = {
			isa = PBXGroup;
			children = (
				842905D724A78BC1006CD409 /* CreateAccountViewModel.swift */,
				842905D824A78BC1006CD409 /* UserCreateViewModel.swift */,
			);
			path = ViewModel;
			sourceTree = "<group>";
		};
		842905D924A78BC1006CD409 /* Model */ = {
			isa = PBXGroup;
			children = (
				842905DB24A78BC1006CD409 /* CreateAccountResponse.swift */,
			);
			path = Model;
			sourceTree = "<group>";
		};
		842905DC24A78BC1006CD409 /* View */ = {
			isa = PBXGroup;
			children = (
				842905DE24A78BC1006CD409 /* CreateAccountViewController.swift */,
			);
			path = View;
			sourceTree = "<group>";
		};
		842905DF24A78BC1006CD409 /* AlertList */ = {
			isa = PBXGroup;
			children = (
				842905E024A78BC1006CD409 /* ViewModel */,
				842905E324A78BC1006CD409 /* Model */,
				842905E524A78BC1006CD409 /* View */,
			);
			path = AlertList;
			sourceTree = "<group>";
		};
		842905E024A78BC1006CD409 /* ViewModel */ = {
			isa = PBXGroup;
			children = (
				842905E124A78BC1006CD409 /* AlertListViewModel.swift */,
				842905E224A78BC1006CD409 /* AlertViewModel.swift */,
			);
			path = ViewModel;
			sourceTree = "<group>";
		};
		842905E324A78BC1006CD409 /* Model */ = {
			isa = PBXGroup;
			children = (
				8458811D24BF943C00CA3841 /* Alert.swift */,
			);
			path = Model;
			sourceTree = "<group>";
		};
		842905E524A78BC1006CD409 /* View */ = {
			isa = PBXGroup;
			children = (
				842905E624A78BC1006CD409 /* AlertCardTableViewCell.swift */,
				842905E724A78BC1006CD409 /* AlertListViewController.swift */,
				842905E824A78BC1006CD409 /* AlertListStrings.swift */,
			);
			path = View;
			sourceTree = "<group>";
		};
		842905E924A78BC1006CD409 /* Login */ = {
			isa = PBXGroup;
			children = (
				842905EA24A78BC1006CD409 /* ViewModel */,
				842905ED24A78BC1006CD409 /* Model */,
				842905EE24A78BC1006CD409 /* View */,
			);
			path = Login;
			sourceTree = "<group>";
		};
		842905EA24A78BC1006CD409 /* ViewModel */ = {
			isa = PBXGroup;
			children = (
				842905EB24A78BC1006CD409 /* LoginViewModel.swift */,
				842905EC24A78BC1006CD409 /* UserLoginViewModel.swift */,
			);
			path = ViewModel;
			sourceTree = "<group>";
		};
		842905ED24A78BC1006CD409 /* Model */ = {
			isa = PBXGroup;
			children = (
				84F29CD224AB865000C69211 /* LoginResponse.swift */,
				845F816224F936B6002E3303 /* User.swift */,
			);
			path = Model;
			sourceTree = "<group>";
		};
		842905EE24A78BC1006CD409 /* View */ = {
			isa = PBXGroup;
			children = (
				842905F024A78BC1006CD409 /* LoginViewController.swift */,
			);
			path = View;
			sourceTree = "<group>";
		};
		8429060124A78BD2006CD409 /* Helpers */ = {
			isa = PBXGroup;
			children = (
				8436F65924B4032800D5D764 /* CocoaTouch */,
				8429060224A78BD2006CD409 /* Constants */,
				8429060924A78BD2006CD409 /* Extensions */,
				8429060424A78BD2006CD409 /* Network */,
				8429060F24A78BD2006CD409 /* Protocols */,
				84A38F4124BE9C56007BDAB4 /* Utils */,
				84F29CCB24AA789E00C69211 /* Validator */,
			);
			path = Helpers;
			sourceTree = "<group>";
		};
		8429060224A78BD2006CD409 /* Constants */ = {
			isa = PBXGroup;
			children = (
				8429060324A78BD2006CD409 /* Constants.swift */,
			);
			path = Constants;
			sourceTree = "<group>";
		};
		8429060424A78BD2006CD409 /* Network */ = {
			isa = PBXGroup;
			children = (
				8429060524A78BD2006CD409 /* NetworkHelper.swift */,
				8429060624A78BD2006CD409 /* NetworkingAPI.swift */,
				8429060724A78BD2006CD409 /* NetworkError.swift */,
				8429060824A78BD2006CD409 /* Endpoint.swift */,
				84CB2FB124A80F56007D3A6B /* CustomActivityIndicator.swift */,
			);
			path = Network;
			sourceTree = "<group>";
		};
		8429060924A78BD2006CD409 /* Extensions */ = {
			isa = PBXGroup;
			children = (
				8429060A24A78BD2006CD409 /* UIFont+Extension.swift */,
				8429060B24A78BD2006CD409 /* UIColor+Extension.swift */,
				8429060C24A78BD2006CD409 /* UIViewController+Extension.swift */,
				8429060D24A78BD2006CD409 /* String+Extension.swift */,
				8429060E24A78BD2006CD409 /* UITextField+Extension.swift */,
				848C491124C0F7D500991B1D /* UIView+Extension.swift */,
			);
			path = Extensions;
			sourceTree = "<group>";
		};
		8429060F24A78BD2006CD409 /* Protocols */ = {
			isa = PBXGroup;
			children = (
				8429061024A78BD2006CD409 /* CodeView.swift */,
			);
			path = Protocols;
			sourceTree = "<group>";
		};
		8436F65924B4032800D5D764 /* CocoaTouch */ = {
			isa = PBXGroup;
			children = (
				8436F65A24B4036400D5D764 /* CustomTabBarController.swift */,
			);
			path = CocoaTouch;
			sourceTree = "<group>";
		};
		8436F65C24B404A000D5D764 /* CreateAlert */ = {
			isa = PBXGroup;
			children = (
				8483FCDA24B4F55300939080 /* Model */,
				8483FCD924B4F54400939080 /* ViewModel */,
				8436F65D24B404DD00D5D764 /* View */,
			);
			path = CreateAlert;
			sourceTree = "<group>";
		};
		8436F65D24B404DD00D5D764 /* View */ = {
			isa = PBXGroup;
			children = (
				8458812324BFC11400CA3841 /* CreateAlertPopupView.swift */,
				84F4DEA024B4F6CF005D99B2 /* CurrencyListViewController.swift */,
				84A38F3D24BE8954007BDAB4 /* CurrencyTableViewCell.swift */,
			);
			path = View;
			sourceTree = "<group>";
		};
		8436F66024B40A6700D5D764 /* UserProfile */ = {
			isa = PBXGroup;
			children = (
				8436F66324B40A8500D5D764 /* View */,
			);
			path = UserProfile;
			sourceTree = "<group>";
		};
		8436F66324B40A8500D5D764 /* View */ = {
			isa = PBXGroup;
			children = (
				8436F66124B40A8100D5D764 /* UserProfileViewController.swift */,
			);
			path = View;
			sourceTree = "<group>";
		};
		8483FCD924B4F54400939080 /* ViewModel */ = {
			isa = PBXGroup;
			children = (
				84F4DEA224B4F8B6005D99B2 /* CurrencyListViewModel.swift */,
				8458811F24BF98D600CA3841 /* CurrencyViewModel.swift */,
				848D2D5824BFD16A008919C9 /* CreateAlertViewModel.swift */,
				84AA3C2324C0EF3B00E85C47 /* CreateAlertPopupViewModel.swift */,
			);
			path = ViewModel;
			sourceTree = "<group>";
		};
		8483FCDA24B4F55300939080 /* Model */ = {
			isa = PBXGroup;
			children = (
				842905E424A78BC1006CD409 /* Currency.swift */,
				848D2D5624BFD118008919C9 /* AlertRequestResponse.swift */,
			);
			path = Model;
			sourceTree = "<group>";
		};
		84A38F4124BE9C56007BDAB4 /* Utils */ = {
			isa = PBXGroup;
			children = (
				84A38F4224BE9C7D007BDAB4 /* Utils.swift */,
				84946F8E24D59A910053B585 /* TableViewAnimator.swift */,
				84946F9024D59DC90053B585 /* TableAnimationFactory.swift */,
				84946F9224D5A37C0053B585 /* Tables.swift */,
			);
			path = Utils;
			sourceTree = "<group>";
		};
		84AFC37A257AB1ED003C3DC4 /* Support Files */ = {
			isa = PBXGroup;
			children = (
				84AFC374257AB02D003C3DC4 /* Localizable.strings */,
				84AFC37B257AB231003C3DC4 /* StringKeys.swift */,
			);
			path = "Support Files";
			sourceTree = "<group>";
		};
		84F29CCB24AA789E00C69211 /* Validator */ = {
			isa = PBXGroup;
			children = (
				84F29CCC24AA78B600C69211 /* Validator.swift */,
				84F29CCE24AA78D400C69211 /* Rule.swift */,
				84F29CD024AA7BED00C69211 /* InputField.swift */,
			);
			path = Validator;
			sourceTree = "<group>";
		};
		A9B93B100523660B815B500E /* Frameworks */ = {
			isa = PBXGroup;
			children = (
				5AD253E1061DA78092BFBB9C /* Pods_CurrencyAlert.framework */,
				2A169A28DEBC4060242D9EAD /* Pods_CurrencyAlertTests.framework */,
			);
			name = Frameworks;
			sourceTree = "<group>";
		};
/* End PBXGroup section */

/* Begin PBXNativeTarget section */
		842905AE24A78B15006CD409 /* CurrencyAlert */ = {
			isa = PBXNativeTarget;
			buildConfigurationList = 842905CE24A78B1B006CD409 /* Build configuration list for PBXNativeTarget "CurrencyAlert" */;
			buildPhases = (
				99953C2FEB3E7D6D0657772B /* [CP] Check Pods Manifest.lock */,
				842905AB24A78B15006CD409 /* Sources */,
				842905AC24A78B15006CD409 /* Frameworks */,
				842905AD24A78B15006CD409 /* Resources */,
				1FFDBD6C160FBDBCECB36CD0 /* [CP] Embed Pods Frameworks */,
			);
			buildRules = (
			);
			dependencies = (
			);
			name = CurrencyAlert;
			productName = CurrencyAlert;
			productReference = 842905AF24A78B15006CD409 /* CurrencyAlert.app */;
			productType = "com.apple.product-type.application";
		};
		842905C424A78B1B006CD409 /* CurrencyAlertTests */ = {
			isa = PBXNativeTarget;
			buildConfigurationList = 842905D124A78B1B006CD409 /* Build configuration list for PBXNativeTarget "CurrencyAlertTests" */;
			buildPhases = (
				CB544B9CE2211364A09002B7 /* [CP] Check Pods Manifest.lock */,
				842905C124A78B1B006CD409 /* Sources */,
				842905C224A78B1B006CD409 /* Frameworks */,
				842905C324A78B1B006CD409 /* Resources */,
			);
			buildRules = (
			);
			dependencies = (
				842905C724A78B1B006CD409 /* PBXTargetDependency */,
			);
			name = CurrencyAlertTests;
			productName = CurrencyAlertTests;
			productReference = 842905C524A78B1B006CD409 /* CurrencyAlertTests.xctest */;
			productType = "com.apple.product-type.bundle.unit-test";
		};
/* End PBXNativeTarget section */

/* Begin PBXProject section */
		842905A724A78B15006CD409 /* Project object */ = {
			isa = PBXProject;
			attributes = {
				LastSwiftUpdateCheck = 1150;
				LastUpgradeCheck = 1150;
				ORGANIZATIONNAME = "Alerta Câmbio";
				TargetAttributes = {
					842905AE24A78B15006CD409 = {
						CreatedOnToolsVersion = 11.5;
					};
					842905C424A78B1B006CD409 = {
						CreatedOnToolsVersion = 11.5;
						TestTargetID = 842905AE24A78B15006CD409;
					};
				};
			};
			buildConfigurationList = 842905AA24A78B15006CD409 /* Build configuration list for PBXProject "CurrencyAlert" */;
			compatibilityVersion = "Xcode 9.3";
			developmentRegion = en;
			hasScannedForEncodings = 0;
			knownRegions = (
				en,
				Base,
				"pt-BR",
			);
			mainGroup = 842905A624A78B15006CD409;
			productRefGroup = 842905B024A78B15006CD409 /* Products */;
			projectDirPath = "";
			projectRoot = "";
			targets = (
				842905AE24A78B15006CD409 /* CurrencyAlert */,
				842905C424A78B1B006CD409 /* CurrencyAlertTests */,
			);
		};
/* End PBXProject section */

/* Begin PBXResourcesBuildPhase section */
		842905AD24A78B15006CD409 /* Resources */ = {
			isa = PBXResourcesBuildPhase;
			buildActionMask = 2147483647;
			files = (
				842905BF24A78B1B006CD409 /* LaunchScreen.storyboard in Resources */,
				84AFC372257AB02D003C3DC4 /* Localizable.strings in Resources */,
				842905BC24A78B1B006CD409 /* Assets.xcassets in Resources */,
			);
			runOnlyForDeploymentPostprocessing = 0;
		};
		842905C324A78B1B006CD409 /* Resources */ = {
			isa = PBXResourcesBuildPhase;
			buildActionMask = 2147483647;
			files = (
			);
			runOnlyForDeploymentPostprocessing = 0;
		};
/* End PBXResourcesBuildPhase section */

/* Begin PBXShellScriptBuildPhase section */
		1FFDBD6C160FBDBCECB36CD0 /* [CP] Embed Pods Frameworks */ = {
			isa = PBXShellScriptBuildPhase;
			buildActionMask = 2147483647;
			files = (
			);
			inputFileListPaths = (
				"${PODS_ROOT}/Target Support Files/Pods-CurrencyAlert/Pods-CurrencyAlert-frameworks-${CONFIGURATION}-input-files.xcfilelist",
			);
			name = "[CP] Embed Pods Frameworks";
			outputFileListPaths = (
				"${PODS_ROOT}/Target Support Files/Pods-CurrencyAlert/Pods-CurrencyAlert-frameworks-${CONFIGURATION}-output-files.xcfilelist",
			);
			runOnlyForDeploymentPostprocessing = 0;
			shellPath = /bin/sh;
			shellScript = "\"${PODS_ROOT}/Target Support Files/Pods-CurrencyAlert/Pods-CurrencyAlert-frameworks.sh\"\n";
			showEnvVarsInLog = 0;
		};
		99953C2FEB3E7D6D0657772B /* [CP] Check Pods Manifest.lock */ = {
			isa = PBXShellScriptBuildPhase;
			buildActionMask = 2147483647;
			files = (
			);
			inputFileListPaths = (
			);
			inputPaths = (
				"${PODS_PODFILE_DIR_PATH}/Podfile.lock",
				"${PODS_ROOT}/Manifest.lock",
			);
			name = "[CP] Check Pods Manifest.lock";
			outputFileListPaths = (
			);
			outputPaths = (
				"$(DERIVED_FILE_DIR)/Pods-CurrencyAlert-checkManifestLockResult.txt",
			);
			runOnlyForDeploymentPostprocessing = 0;
			shellPath = /bin/sh;
			shellScript = "diff \"${PODS_PODFILE_DIR_PATH}/Podfile.lock\" \"${PODS_ROOT}/Manifest.lock\" > /dev/null\nif [ $? != 0 ] ; then\n    # print error to STDERR\n    echo \"error: The sandbox is not in sync with the Podfile.lock. Run 'pod install' or update your CocoaPods installation.\" >&2\n    exit 1\nfi\n# This output is used by Xcode 'outputs' to avoid re-running this script phase.\necho \"SUCCESS\" > \"${SCRIPT_OUTPUT_FILE_0}\"\n";
			showEnvVarsInLog = 0;
		};
		CB544B9CE2211364A09002B7 /* [CP] Check Pods Manifest.lock */ = {
			isa = PBXShellScriptBuildPhase;
			buildActionMask = 2147483647;
			files = (
			);
			inputFileListPaths = (
			);
			inputPaths = (
				"${PODS_PODFILE_DIR_PATH}/Podfile.lock",
				"${PODS_ROOT}/Manifest.lock",
			);
			name = "[CP] Check Pods Manifest.lock";
			outputFileListPaths = (
			);
			outputPaths = (
				"$(DERIVED_FILE_DIR)/Pods-CurrencyAlertTests-checkManifestLockResult.txt",
			);
			runOnlyForDeploymentPostprocessing = 0;
			shellPath = /bin/sh;
			shellScript = "diff \"${PODS_PODFILE_DIR_PATH}/Podfile.lock\" \"${PODS_ROOT}/Manifest.lock\" > /dev/null\nif [ $? != 0 ] ; then\n    # print error to STDERR\n    echo \"error: The sandbox is not in sync with the Podfile.lock. Run 'pod install' or update your CocoaPods installation.\" >&2\n    exit 1\nfi\n# This output is used by Xcode 'outputs' to avoid re-running this script phase.\necho \"SUCCESS\" > \"${SCRIPT_OUTPUT_FILE_0}\"\n";
			showEnvVarsInLog = 0;
		};
/* End PBXShellScriptBuildPhase section */

/* Begin PBXSourcesBuildPhase section */
		842905AB24A78B15006CD409 /* Sources */ = {
			isa = PBXSourcesBuildPhase;
			buildActionMask = 2147483647;
			files = (
				845F816324F936B6002E3303 /* User.swift in Sources */,
				84AA3C2424C0EF3B00E85C47 /* CreateAlertPopupViewModel.swift in Sources */,
				8429061824A78BD2006CD409 /* UIViewController+Extension.swift in Sources */,
				842905F924A78BC1006CD409 /* Currency.swift in Sources */,
				842905FA24A78BC1006CD409 /* AlertCardTableViewCell.swift in Sources */,
				84F29CCF24AA78D400C69211 /* Rule.swift in Sources */,
				8429061B24A78BD2006CD409 /* CodeView.swift in Sources */,
				8429061424A78BD2006CD409 /* NetworkError.swift in Sources */,
				848D2D5724BFD118008919C9 /* AlertRequestResponse.swift in Sources */,
				8458811E24BF943C00CA3841 /* Alert.swift in Sources */,
				842905FB24A78BC1006CD409 /* AlertListViewController.swift in Sources */,
				8429060024A78BC1006CD409 /* LoginViewController.swift in Sources */,
				842905FD24A78BC1006CD409 /* LoginViewModel.swift in Sources */,
				8429061924A78BD2006CD409 /* String+Extension.swift in Sources */,
				848D2D5924BFD16A008919C9 /* CreateAlertViewModel.swift in Sources */,
				84F4DEA324B4F8B6005D99B2 /* CurrencyListViewModel.swift in Sources */,
				842905F824A78BC1006CD409 /* AlertViewModel.swift in Sources */,
				8436F65B24B4036400D5D764 /* CustomTabBarController.swift in Sources */,
				84AFC37C257AB231003C3DC4 /* StringKeys.swift in Sources */,
				848C491224C0F7D500991B1D /* UIView+Extension.swift in Sources */,
				8429061224A78BD2006CD409 /* NetworkHelper.swift in Sources */,
				84A38F4324BE9C7D007BDAB4 /* Utils.swift in Sources */,
				8429061A24A78BD2006CD409 /* UITextField+Extension.swift in Sources */,
				84946F9124D59DC90053B585 /* TableAnimationFactory.swift in Sources */,
				8458812024BF98D600CA3841 /* CurrencyViewModel.swift in Sources */,
				842905F224A78BC1006CD409 /* UserCreateViewModel.swift in Sources */,
				8429061524A78BD2006CD409 /* Endpoint.swift in Sources */,
				842905F124A78BC1006CD409 /* CreateAccountViewModel.swift in Sources */,
				8429061324A78BD2006CD409 /* NetworkingAPI.swift in Sources */,
				84946F9324D5A37C0053B585 /* Tables.swift in Sources */,
				842905FC24A78BC1006CD409 /* AlertListStrings.swift in Sources */,
				84F29CD324AB865000C69211 /* LoginResponse.swift in Sources */,
				842905F424A78BC1006CD409 /* CreateAccountResponse.swift in Sources */,
				8429061624A78BD2006CD409 /* UIFont+Extension.swift in Sources */,
				842905FE24A78BC1006CD409 /* UserLoginViewModel.swift in Sources */,
				84F4DEA124B4F6CF005D99B2 /* CurrencyListViewController.swift in Sources */,
				8436F66224B40A8100D5D764 /* UserProfileViewController.swift in Sources */,
				84F29CCD24AA78B600C69211 /* Validator.swift in Sources */,
				8429061124A78BD2006CD409 /* Constants.swift in Sources */,
				842905F624A78BC1006CD409 /* CreateAccountViewController.swift in Sources */,
				84A38F3E24BE8954007BDAB4 /* CurrencyTableViewCell.swift in Sources */,
				842905F724A78BC1006CD409 /* AlertListViewModel.swift in Sources */,
				8458812424BFC11400CA3841 /* CreateAlertPopupView.swift in Sources */,
				8429061724A78BD2006CD409 /* UIColor+Extension.swift in Sources */,
				84CB2FB224A80F56007D3A6B /* CustomActivityIndicator.swift in Sources */,
				842905B324A78B15006CD409 /* AppDelegate.swift in Sources */,
				84946F8F24D59A910053B585 /* TableViewAnimator.swift in Sources */,
				842905B524A78B15006CD409 /* SceneDelegate.swift in Sources */,
				84F29CD124AA7BED00C69211 /* InputField.swift in Sources */,
			);
			runOnlyForDeploymentPostprocessing = 0;
		};
		842905C124A78B1B006CD409 /* Sources */ = {
			isa = PBXSourcesBuildPhase;
			buildActionMask = 2147483647;
			files = (
				842905CA24A78B1B006CD409 /* CurrencyAlertTests.swift in Sources */,
			);
			runOnlyForDeploymentPostprocessing = 0;
		};
/* End PBXSourcesBuildPhase section */

/* Begin PBXTargetDependency section */
		842905C724A78B1B006CD409 /* PBXTargetDependency */ = {
			isa = PBXTargetDependency;
			target = 842905AE24A78B15006CD409 /* CurrencyAlert */;
			targetProxy = 842905C624A78B1B006CD409 /* PBXContainerItemProxy */;
		};
/* End PBXTargetDependency section */

/* Begin PBXVariantGroup section */
		842905BD24A78B1B006CD409 /* LaunchScreen.storyboard */ = {
			isa = PBXVariantGroup;
			children = (
				842905BE24A78B1B006CD409 /* Base */,
				84AFC35F257AAF14003C3DC4 /* pt-BR */,
			);
			name = LaunchScreen.storyboard;
			sourceTree = "<group>";
		};
		84AFC374257AB02D003C3DC4 /* Localizable.strings */ = {
			isa = PBXVariantGroup;
			children = (
				84AFC373257AB02D003C3DC4 /* en */,
				84AFC377257AB043003C3DC4 /* pt-BR */,
			);
			name = Localizable.strings;
			sourceTree = "<group>";
		};
/* End PBXVariantGroup section */

/* Begin XCBuildConfiguration section */
		842905CC24A78B1B006CD409 /* Debug */ = {
			isa = XCBuildConfiguration;
			buildSettings = {
				ALWAYS_SEARCH_USER_PATHS = NO;
				CLANG_ANALYZER_LOCALIZABILITY_NONLOCALIZED = YES;
				CLANG_ANALYZER_NONNULL = YES;
				CLANG_ANALYZER_NUMBER_OBJECT_CONVERSION = YES_AGGRESSIVE;
				CLANG_CXX_LANGUAGE_STANDARD = "gnu++14";
				CLANG_CXX_LIBRARY = "libc++";
				CLANG_ENABLE_MODULES = YES;
				CLANG_ENABLE_OBJC_ARC = YES;
				CLANG_ENABLE_OBJC_WEAK = YES;
				CLANG_WARN_BLOCK_CAPTURE_AUTORELEASING = YES;
				CLANG_WARN_BOOL_CONVERSION = YES;
				CLANG_WARN_COMMA = YES;
				CLANG_WARN_CONSTANT_CONVERSION = YES;
				CLANG_WARN_DEPRECATED_OBJC_IMPLEMENTATIONS = YES;
				CLANG_WARN_DIRECT_OBJC_ISA_USAGE = YES_ERROR;
				CLANG_WARN_DOCUMENTATION_COMMENTS = YES;
				CLANG_WARN_EMPTY_BODY = YES;
				CLANG_WARN_ENUM_CONVERSION = YES;
				CLANG_WARN_INFINITE_RECURSION = YES;
				CLANG_WARN_INT_CONVERSION = YES;
				CLANG_WARN_NON_LITERAL_NULL_CONVERSION = YES;
				CLANG_WARN_OBJC_IMPLICIT_RETAIN_SELF = YES;
				CLANG_WARN_OBJC_LITERAL_CONVERSION = YES;
				CLANG_WARN_OBJC_ROOT_CLASS = YES_ERROR;
				CLANG_WARN_RANGE_LOOP_ANALYSIS = YES;
				CLANG_WARN_STRICT_PROTOTYPES = YES;
				CLANG_WARN_SUSPICIOUS_MOVE = YES;
				CLANG_WARN_UNGUARDED_AVAILABILITY = YES_AGGRESSIVE;
				CLANG_WARN_UNREACHABLE_CODE = YES;
				CLANG_WARN__DUPLICATE_METHOD_MATCH = YES;
				COPY_PHASE_STRIP = NO;
				DEBUG_INFORMATION_FORMAT = dwarf;
				ENABLE_STRICT_OBJC_MSGSEND = YES;
				ENABLE_TESTABILITY = YES;
				GCC_C_LANGUAGE_STANDARD = gnu11;
				GCC_DYNAMIC_NO_PIC = NO;
				GCC_NO_COMMON_BLOCKS = YES;
				GCC_OPTIMIZATION_LEVEL = 0;
				GCC_PREPROCESSOR_DEFINITIONS = (
					"DEBUG=1",
					"$(inherited)",
				);
				GCC_WARN_64_TO_32_BIT_CONVERSION = YES;
				GCC_WARN_ABOUT_RETURN_TYPE = YES_ERROR;
				GCC_WARN_UNDECLARED_SELECTOR = YES;
				GCC_WARN_UNINITIALIZED_AUTOS = YES_AGGRESSIVE;
				GCC_WARN_UNUSED_FUNCTION = YES;
				GCC_WARN_UNUSED_VARIABLE = YES;
				IPHONEOS_DEPLOYMENT_TARGET = 13.5;
				MTL_ENABLE_DEBUG_INFO = INCLUDE_SOURCE;
				MTL_FAST_MATH = YES;
				ONLY_ACTIVE_ARCH = YES;
				SDKROOT = iphoneos;
				SWIFT_ACTIVE_COMPILATION_CONDITIONS = DEBUG;
				SWIFT_OPTIMIZATION_LEVEL = "-Onone";
			};
			name = Debug;
		};
		842905CD24A78B1B006CD409 /* Release */ = {
			isa = XCBuildConfiguration;
			buildSettings = {
				ALWAYS_SEARCH_USER_PATHS = NO;
				CLANG_ANALYZER_LOCALIZABILITY_NONLOCALIZED = YES;
				CLANG_ANALYZER_NONNULL = YES;
				CLANG_ANALYZER_NUMBER_OBJECT_CONVERSION = YES_AGGRESSIVE;
				CLANG_CXX_LANGUAGE_STANDARD = "gnu++14";
				CLANG_CXX_LIBRARY = "libc++";
				CLANG_ENABLE_MODULES = YES;
				CLANG_ENABLE_OBJC_ARC = YES;
				CLANG_ENABLE_OBJC_WEAK = YES;
				CLANG_WARN_BLOCK_CAPTURE_AUTORELEASING = YES;
				CLANG_WARN_BOOL_CONVERSION = YES;
				CLANG_WARN_COMMA = YES;
				CLANG_WARN_CONSTANT_CONVERSION = YES;
				CLANG_WARN_DEPRECATED_OBJC_IMPLEMENTATIONS = YES;
				CLANG_WARN_DIRECT_OBJC_ISA_USAGE = YES_ERROR;
				CLANG_WARN_DOCUMENTATION_COMMENTS = YES;
				CLANG_WARN_EMPTY_BODY = YES;
				CLANG_WARN_ENUM_CONVERSION = YES;
				CLANG_WARN_INFINITE_RECURSION = YES;
				CLANG_WARN_INT_CONVERSION = YES;
				CLANG_WARN_NON_LITERAL_NULL_CONVERSION = YES;
				CLANG_WARN_OBJC_IMPLICIT_RETAIN_SELF = YES;
				CLANG_WARN_OBJC_LITERAL_CONVERSION = YES;
				CLANG_WARN_OBJC_ROOT_CLASS = YES_ERROR;
				CLANG_WARN_RANGE_LOOP_ANALYSIS = YES;
				CLANG_WARN_STRICT_PROTOTYPES = YES;
				CLANG_WARN_SUSPICIOUS_MOVE = YES;
				CLANG_WARN_UNGUARDED_AVAILABILITY = YES_AGGRESSIVE;
				CLANG_WARN_UNREACHABLE_CODE = YES;
				CLANG_WARN__DUPLICATE_METHOD_MATCH = YES;
				COPY_PHASE_STRIP = NO;
				DEBUG_INFORMATION_FORMAT = "dwarf-with-dsym";
				ENABLE_NS_ASSERTIONS = NO;
				ENABLE_STRICT_OBJC_MSGSEND = YES;
				GCC_C_LANGUAGE_STANDARD = gnu11;
				GCC_NO_COMMON_BLOCKS = YES;
				GCC_WARN_64_TO_32_BIT_CONVERSION = YES;
				GCC_WARN_ABOUT_RETURN_TYPE = YES_ERROR;
				GCC_WARN_UNDECLARED_SELECTOR = YES;
				GCC_WARN_UNINITIALIZED_AUTOS = YES_AGGRESSIVE;
				GCC_WARN_UNUSED_FUNCTION = YES;
				GCC_WARN_UNUSED_VARIABLE = YES;
				IPHONEOS_DEPLOYMENT_TARGET = 13.5;
				MTL_ENABLE_DEBUG_INFO = NO;
				MTL_FAST_MATH = YES;
				SDKROOT = iphoneos;
				SWIFT_COMPILATION_MODE = wholemodule;
				SWIFT_OPTIMIZATION_LEVEL = "-O";
				VALIDATE_PRODUCT = YES;
			};
			name = Release;
		};
		842905CF24A78B1B006CD409 /* Debug */ = {
			isa = XCBuildConfiguration;
			baseConfigurationReference = 96F6D3789D61B120324A3F26 /* Pods-CurrencyAlert.debug.xcconfig */;
			buildSettings = {
				ASSETCATALOG_COMPILER_APPICON_NAME = AppIcon;
				CODE_SIGN_STYLE = Automatic;
				INFOPLIST_FILE = CurrencyAlert/Info.plist;
				LD_RUNPATH_SEARCH_PATHS = (
					"$(inherited)",
					"@executable_path/Frameworks",
				);
				PRODUCT_BUNDLE_IDENTIFIER = com.CurrencyAlert;
				PRODUCT_NAME = "$(TARGET_NAME)";
				SWIFT_VERSION = 5.0;
				TARGETED_DEVICE_FAMILY = 1;
			};
			name = Debug;
		};
		842905D024A78B1B006CD409 /* Release */ = {
			isa = XCBuildConfiguration;
			baseConfigurationReference = 06DEB2C62A9C29B348592772 /* Pods-CurrencyAlert.release.xcconfig */;
			buildSettings = {
				ASSETCATALOG_COMPILER_APPICON_NAME = AppIcon;
				CODE_SIGN_STYLE = Automatic;
				INFOPLIST_FILE = CurrencyAlert/Info.plist;
				LD_RUNPATH_SEARCH_PATHS = (
					"$(inherited)",
					"@executable_path/Frameworks",
				);
				PRODUCT_BUNDLE_IDENTIFIER = com.CurrencyAlert;
				PRODUCT_NAME = "$(TARGET_NAME)";
				SWIFT_VERSION = 5.0;
				TARGETED_DEVICE_FAMILY = 1;
			};
			name = Release;
		};
		842905D224A78B1B006CD409 /* Debug */ = {
			isa = XCBuildConfiguration;
			baseConfigurationReference = 0ABC8ACD19DE3CC092BCDF23 /* Pods-CurrencyAlertTests.debug.xcconfig */;
			buildSettings = {
				ALWAYS_EMBED_SWIFT_STANDARD_LIBRARIES = YES;
				BUNDLE_LOADER = "$(TEST_HOST)";
				CODE_SIGN_STYLE = Automatic;
				INFOPLIST_FILE = CurrencyAlertTests/Info.plist;
				IPHONEOS_DEPLOYMENT_TARGET = 13.5;
				LD_RUNPATH_SEARCH_PATHS = (
					"$(inherited)",
					"@executable_path/Frameworks",
					"@loader_path/Frameworks",
				);
				PRODUCT_BUNDLE_IDENTIFIER = com.CurrencyAlertTests;
				PRODUCT_NAME = "$(TARGET_NAME)";
				SWIFT_VERSION = 5.0;
				TARGETED_DEVICE_FAMILY = "1,2";
				TEST_HOST = "$(BUILT_PRODUCTS_DIR)/CurrencyAlert.app/CurrencyAlert";
			};
			name = Debug;
		};
		842905D324A78B1B006CD409 /* Release */ = {
			isa = XCBuildConfiguration;
			baseConfigurationReference = CB48C91AA606907CB0B51D22 /* Pods-CurrencyAlertTests.release.xcconfig */;
			buildSettings = {
				ALWAYS_EMBED_SWIFT_STANDARD_LIBRARIES = YES;
				BUNDLE_LOADER = "$(TEST_HOST)";
				CODE_SIGN_STYLE = Automatic;
				INFOPLIST_FILE = CurrencyAlertTests/Info.plist;
				IPHONEOS_DEPLOYMENT_TARGET = 13.5;
				LD_RUNPATH_SEARCH_PATHS = (
					"$(inherited)",
					"@executable_path/Frameworks",
					"@loader_path/Frameworks",
				);
				PRODUCT_BUNDLE_IDENTIFIER = com.CurrencyAlertTests;
				PRODUCT_NAME = "$(TARGET_NAME)";
				SWIFT_VERSION = 5.0;
				TARGETED_DEVICE_FAMILY = "1,2";
				TEST_HOST = "$(BUILT_PRODUCTS_DIR)/CurrencyAlert.app/CurrencyAlert";
			};
			name = Release;
		};
/* End XCBuildConfiguration section */

/* Begin XCConfigurationList section */
		842905AA24A78B15006CD409 /* Build configuration list for PBXProject "CurrencyAlert" */ = {
			isa = XCConfigurationList;
			buildConfigurations = (
				842905CC24A78B1B006CD409 /* Debug */,
				842905CD24A78B1B006CD409 /* Release */,
			);
			defaultConfigurationIsVisible = 0;
			defaultConfigurationName = Release;
		};
		842905CE24A78B1B006CD409 /* Build configuration list for PBXNativeTarget "CurrencyAlert" */ = {
			isa = XCConfigurationList;
			buildConfigurations = (
				842905CF24A78B1B006CD409 /* Debug */,
				842905D024A78B1B006CD409 /* Release */,
			);
			defaultConfigurationIsVisible = 0;
			defaultConfigurationName = Release;
		};
		842905D124A78B1B006CD409 /* Build configuration list for PBXNativeTarget "CurrencyAlertTests" */ = {
			isa = XCConfigurationList;
			buildConfigurations = (
				842905D224A78B1B006CD409 /* Debug */,
				842905D324A78B1B006CD409 /* Release */,
			);
			defaultConfigurationIsVisible = 0;
			defaultConfigurationName = Release;
		};
/* End XCConfigurationList section */
	};
	rootObject = 842905A724A78B15006CD409 /* Project object */;
}
